
Microsoft Visual Studio Solution File, Format Version 12.00
# Visual Studio Version 17
VisualStudioVersion = 17.14.37516.0 d17.14
MinimumVisualStudioVersion = 10.0.40219.1
Project("{FAE04EC0-301F-11D3-BF4B-00C04F79EFBC}") = "tutorial_2_2", "tutorial_2_2\tutorial_2_2.csproj", "{DB2278A4-643F-48D4-A67E-0F502AF925A2}"
EndProject
Global
	GlobalSection(SolutionConfigurationPlatforms) = preSolution
		Debug|Any CPU = Debug|Any CPU
		Release|Any CPU = Release|Any CPU
	EndGlobalSection
	GlobalSection(ProjectConfigurationPlatforms) = postSolution
		{DB2278A4-643F-48D4-A67E-0F502AF925A2}.Debug|Any CPU.ActiveCfg = Debug|Any CPU
		{DB2278A4-643F-48D4-A67E-0F502AF925A2}.Debug|Any CPU.Build.0 = Debug|Any CPU
		{DB2278A4-643F-48D4-A67E-0F502AF925A2}.Release|Any CPU.ActiveCfg = Release|Any CPU
		{DB2278A4-643F-48D4-A67E-0F502AF925A2}.Release|Any CPU.Build.0 = Release|Any CPU
	EndGlobalSection
	GlobalSection(SolutionProperties) = preSolution
		HideSolutionNode = FALSE
	EndGlobalSection
	GlobalSection(ExtensibilityGlobals) = postSolution
		SolutionGuid = {C9D0C83C-43B8-46F6-89E2-FEC236C0E273}
	EndGlobalSection
EndGlobal
